
Microsoft Visual Studio Solution File, Format Version 12.00
# Visual Studio 15
VisualStudioVersion = 15.0.28010.2036
MinimumVisualStudioVersion = 10.0.40219.1
Project("{00D1A9C2-B5F0-4AF3-8072-F6C62B433612}") = "StackOverFlowSCA", "StackOverFlowSCA\StackOverFlowSCA.sqlproj", "{002F2CD3-B440-40F4-8824-FEA779C56CA2}"
EndProject
Global
	GlobalSection(SolutionConfigurationPlatforms) = preSolution
		Debug|Any CPU = Debug|Any CPU
		Release|Any CPU = Release|Any CPU
	EndGlobalSection
	GlobalSection(ProjectConfigurationPlatforms) = postSolution
		{002F2CD3-B440-40F4-8824-FEA779C56CA2}.Debug|Any CPU.ActiveCfg = Debug|Any CPU
		{002F2CD3-B440-40F4-8824-FEA779C56CA2}.Debug|Any CPU.Build.0 = Debug|Any CPU
		{002F2CD3-B440-40F4-8824-FEA779C56CA2}.Debug|Any CPU.Deploy.0 = Debug|Any CPU
		{002F2CD3-B440-40F4-8824-FEA779C56CA2}.Release|Any CPU.ActiveCfg = Release|Any CPU
		{002F2CD3-B440-40F4-8824-FEA779C56CA2}.Release|Any CPU.Build.0 = Release|Any CPU
		{002F2CD3-B440-40F4-8824-FEA779C56CA2}.Release|Any CPU.Deploy.0 = Release|Any CPU
	EndGlobalSection
	GlobalSection(SolutionProperties) = preSolution
		HideSolutionNode = FALSE
	EndGlobalSection
	GlobalSection(ExtensibilityGlobals) = postSolution
		SolutionGuid = {F7800C4C-104B-4E9F-B0B2-1FDC46D0E59C}
	EndGlobalSection
EndGlobal
